
Microsoft Visual Studio Solution File, Format Version 12.00
# Visual Studio Version 16
VisualStudioVersion = 16.0.31229.75
MinimumVisualStudioVersion = 10.0.40219.1
Project("{FAE04EC0-301F-11D3-BF4B-00C04F79EFBC}") = "ERPsystem", "ERPsystem.csproj", "{C842A504-E9D5-4309-836F-DEE0B0B68A32}"
EndProject
Global
	GlobalSection(SolutionConfigurationPlatforms) = preSolution
		Debug|Any CPU = Debug|Any CPU
		Release|Any CPU = Release|Any CPU
	EndGlobalSection
	GlobalSection(ProjectConfigurationPlatforms) = postSolution
		{C842A504-E9D5-4309-836F-DEE0B0B68A32}.Debug|Any CPU.ActiveCfg = Debug|Any CPU
		{C842A504-E9D5-4309-836F-DEE0B0B68A32}.Debug|Any CPU.Build.0 = Debug|Any CPU
		{C842A504-E9D5-4309-836F-DEE0B0B68A32}.Release|Any CPU.ActiveCfg = Release|Any CPU
		{C842A504-E9D5-4309-836F-DEE0B0B68A32}.Release|Any CPU.Build.0 = Release|Any CPU
	EndGlobalSection
	GlobalSection(SolutionProperties) = preSolution
		HideSolutionNode = FALSE
	EndGlobalSection
	GlobalSection(ExtensibilityGlobals) = postSolution
		SolutionGuid = {D2D4441F-EB83-4A90-B55A-08E2B595D034}
	EndGlobalSection
EndGlobal
